
Microsoft Visual Studio Solution File, Format Version 12.00
Project("{FAE04EC0-301F-11D3-BF4B-00C04F79EFBC}") = "GoLive.Blazor.Controls", "GoLive.Blazor.Controls\GoLive.Blazor.Controls.csproj", "{046AB111-4987-456E-B6AD-282A0A721063}"
EndProject
Global
	GlobalSection(SolutionConfigurationPlatforms) = preSolution
		Debug|Any CPU = Debug|Any CPU
		Release|Any CPU = Release|Any CPU
	EndGlobalSection
	GlobalSection(ProjectConfigurationPlatforms) = postSolution
		{046AB111-4987-456E-B6AD-282A0A721063}.Debug|Any CPU.ActiveCfg = Debug|Any CPU
		{046AB111-4987-456E-B6AD-282A0A721063}.Debug|Any CPU.Build.0 = Debug|Any CPU
		{046AB111-4987-456E-B6AD-282A0A721063}.Release|Any CPU.ActiveCfg = Release|Any CPU
		{046AB111-4987-456E-B6AD-282A0A721063}.Release|Any CPU.Build.0 = Release|Any CPU
	EndGlobalSection
EndGlobal
